<?xml version="1.0" encoding="utf-8"?>
<Project ToolsVersion="4.0" xmlns="http://schemas.microsoft.com/developer/msbuild/2003">
  <ItemGroup>
    <ClCompile Include="Modules\WindowModule.cpp">
      <Filter>Modules</Filter>
    </ClCompile>
    <ClCompile Include="Utils\log.cpp">
      <Filter>Utils</Filter>
    </ClCompile>
    <ClCompile Include="Utils\UPCTimer.cpp">
      <Filter>Utils</Filter>
    </ClCompile>
    <ClCompile Include="Modules\InputModule.cpp">
      <Filter>Modules</Filter>
    </ClCompile>
    <ClCompile Include="Modules\ShaderModule.cpp">
      <Filter>Modules</Filter>
    </ClCompile>
    <ClCompile Include="UI\EditorUIModule.cpp">
      <Filter>Modules</Filter>
    </ClCompile>
    <ClCompile Include="Modules\OpenGLModule.cpp">
      <Filter>Modules</Filter>
    </ClCompile>
    <ClCompile Include="Libs\ImGui\imgui.cpp">
      <Filter>ImGui</Filter>
    </ClCompile>
    <ClCompile Include="Libs\ImGui\imgui_demo.cpp">
      <Filter>ImGui</Filter>
    </ClCompile>
    <ClCompile Include="Libs\ImGui\imgui_draw.cpp">
      <Filter>ImGui</Filter>
    </ClCompile>
    <ClCompile Include="Libs\ImGui\imgui_impl_opengl3.cpp">
      <Filter>ImGui</Filter>
    </ClCompile>
    <ClCompile Include="Libs\ImGui\imgui_impl_sdl2.cpp">
      <Filter>ImGui</Filter>
    </ClCompile>
    <ClCompile Include="Libs\ImGui\imgui_tables.cpp">
      <Filter>ImGui</Filter>
    </ClCompile>
    <ClCompile Include="Libs\ImGui\imgui_widgets.cpp">
      <Filter>ImGui</Filter>
    </ClCompile>
    <ClCompile Include="Libs\MathGeoLib\include\Geometry\AABB.cpp">
      <Filter>MathGeoLib</Filter>
    </ClCompile>
    <ClCompile Include="Libs\MathGeoLib\include\Math\BitOps.cpp">
      <Filter>MathGeoLib</Filter>
    </ClCompile>
    <ClCompile Include="Libs\MathGeoLib\include\Geometry\Capsule.cpp">
      <Filter>MathGeoLib</Filter>
    </ClCompile>
    <ClCompile Include="Libs\MathGeoLib\include\Geometry\Circle.cpp">
      <Filter>MathGeoLib</Filter>
    </ClCompile>
    <ClCompile Include="Libs\MathGeoLib\include\Time\Clock.cpp">
      <Filter>MathGeoLib</Filter>
    </ClCompile>
    <ClCompile Include="Libs\MathGeoLib\include\Geometry\Cone.cpp">
      <Filter>MathGeoLib</Filter>
    </ClCompile>
    <ClCompile Include="Libs\MathGeoLib\include\Geometry\Cylinder.cpp">
      <Filter>MathGeoLib</Filter>
    </ClCompile>
    <ClCompile Include="Libs\MathGeoLib\include\Math\float2.cpp">
      <Filter>MathGeoLib</Filter>
    </ClCompile>
    <ClCompile Include="Libs\MathGeoLib\include\Math\float3.cpp">
      <Filter>MathGeoLib</Filter>
    </ClCompile>
    <ClCompile Include="Libs\MathGeoLib\include\Math\float3x3.cpp">
      <Filter>MathGeoLib</Filter>
    </ClCompile>
    <ClCompile Include="Libs\MathGeoLib\include\Math\float3x4.cpp">
      <Filter>MathGeoLib</Filter>
    </ClCompile>
    <ClCompile Include="Libs\MathGeoLib\include\Math\float4.cpp">
      <Filter>MathGeoLib</Filter>
    </ClCompile>
    <ClCompile Include="Libs\MathGeoLib\include\Math\float4x4.cpp">
      <Filter>MathGeoLib</Filter>
    </ClCompile>
    <ClCompile Include="Libs\MathGeoLib\include\Geometry\Frustum.cpp">
      <Filter>MathGeoLib</Filter>
    </ClCompile>
    <ClCompile Include="Libs\MathGeoLib\include\Algorithm\Random\LCG.cpp">
      <Filter>MathGeoLib</Filter>
    </ClCompile>
    <ClCompile Include="Libs\MathGeoLib\include\Geometry\Line.cpp">
      <Filter>MathGeoLib</Filter>
    </ClCompile>
    <ClCompile Include="Libs\MathGeoLib\include\Geometry\LineSegment.cpp">
      <Filter>MathGeoLib</Filter>
    </ClCompile>
    <ClCompile Include="Libs\MathGeoLib\include\Math\MathFunc.cpp">
      <Filter>MathGeoLib</Filter>
    </ClCompile>
    <ClCompile Include="Libs\MathGeoLib\include\Math\MathLog.cpp">
      <Filter>MathGeoLib</Filter>
    </ClCompile>
    <ClCompile Include="Libs\MathGeoLib\include\Math\MathOps.cpp">
      <Filter>MathGeoLib</Filter>
    </ClCompile>
    <ClCompile Include="Libs\MathGeoLib\include\Geometry\OBB.cpp">
      <Filter>MathGeoLib</Filter>
    </ClCompile>
    <ClCompile Include="Libs\MathGeoLib\include\Geometry\Plane.cpp">
      <Filter>MathGeoLib</Filter>
    </ClCompile>
    <ClCompile Include="Libs\MathGeoLib\include\Geometry\Polygon.cpp">
      <Filter>MathGeoLib</Filter>
    </ClCompile>
    <ClCompile Include="Libs\MathGeoLib\include\Geometry\Polyhedron.cpp">
      <Filter>MathGeoLib</Filter>
    </ClCompile>
    <ClCompile Include="Libs\MathGeoLib\include\Math\Polynomial.cpp">
      <Filter>MathGeoLib</Filter>
    </ClCompile>
    <ClCompile Include="Libs\MathGeoLib\include\Math\Quat.cpp">
      <Filter>MathGeoLib</Filter>
    </ClCompile>
    <ClCompile Include="Libs\MathGeoLib\include\Geometry\Ray.cpp">
      <Filter>MathGeoLib</Filter>
    </ClCompile>
    <ClCompile Include="Libs\MathGeoLib\include\Geometry\Sphere.cpp">
      <Filter>MathGeoLib</Filter>
    </ClCompile>
    <ClCompile Include="Libs\MathGeoLib\include\Math\SSEMath.cpp">
      <Filter>MathGeoLib</Filter>
    </ClCompile>
    <ClCompile Include="Libs\MathGeoLib\include\Math\TransformOps.cpp">
      <Filter>MathGeoLib</Filter>
    </ClCompile>
    <ClCompile Include="Libs\MathGeoLib\include\Geometry\Triangle.cpp">
      <Filter>MathGeoLib</Filter>
    </ClCompile>
    <ClCompile Include="Libs\MathGeoLib\include\Geometry\TriangleMesh.cpp">
      <Filter>MathGeoLib</Filter>
    </ClCompile>
    <ClCompile Include="Application.cpp" />
    <ClCompile Include="Main.cpp" />
    <ClCompile Include="Modules\DebugDrawModule.cpp">
      <Filter>Debug</Filter>
    </ClCompile>
    <ClCompile Include="Tests\RenderTestModule.cpp">
      <Filter>Tests</Filter>
    </ClCompile>
    <ClCompile Include="Tests\TextureModuleTest.cpp">
      <Filter>Tests</Filter>
    </ClCompile>
    <ClCompile Include="Tests\CameraModule.cpp">
      <Filter>Tests</Filter>
    </ClCompile>
    <ClCompile Include="Tests\EngineMesh.cpp">
      <Filter>Tests</Filter>
    </ClCompile>
    <ClCompile Include="Tests\EngineModel.cpp">
      <Filter>Tests</Filter>
    </ClCompile>
    <ClCompile Include="Utils\Framebuffer.cpp">
      <Filter>Utils</Filter>
    </ClCompile>
    <ClCompile Include="UI\EditorViewport.cpp">
      <Filter>UI</Filter>
    </ClCompile>
    <ClCompile Include="Scene\Components\Component.cpp" />
    <ClCompile Include="SceneImporter.cpp">
      <Filter>Utils</Filter>
    </ClCompile>
    <ClCompile Include="MeshImporter.cpp">
      <Filter>Utils</Filter>
    </ClCompile>
    <ClCompile Include="TextureImporter.cpp">
      <Filter>Utils</Filter>
    </ClCompile>
    <ClCompile Include="FileSystem.cpp">
      <Filter>Utils</Filter>
    </ClCompile>
  </ItemGroup>
  <ItemGroup>
    <Filter Include="Modules">
      <UniqueIdentifier>{ceb8fbba-58d4-4d3b-927a-a6f72e75e9d5}</UniqueIdentifier>
    </Filter>
    <Filter Include="Utils">
      <UniqueIdentifier>{2cd12f8e-4d83-4137-a3bb-33b6ec3804a8}</UniqueIdentifier>
    </Filter>
    <Filter Include="ImGui">
      <UniqueIdentifier>{add34c0e-22b7-4156-b4ab-74923f0775f1}</UniqueIdentifier>
    </Filter>
    <Filter Include="MathGeoLib">
      <UniqueIdentifier>{77ec05ef-e581-4de2-bda3-50c6c7bcc0d2}</UniqueIdentifier>
    </Filter>
    <Filter Include="Debug">
      <UniqueIdentifier>{b890b5cb-22e9-4094-8b54-814ae6ff1684}</UniqueIdentifier>
    </Filter>
    <Filter Include="Tests">
      <UniqueIdentifier>{27fbe6cb-da01-4a99-989c-de397f7946c3}</UniqueIdentifier>
    </Filter>
    <Filter Include="UI">
      <UniqueIdentifier>{b3f5d97a-4296-47c2-80a3-75724af69446}</UniqueIdentifier>
    </Filter>
  </ItemGroup>
  <ItemGroup>
    <ClInclude Include="Modules\Module.h">
      <Filter>Modules</Filter>
    </ClInclude>
    <ClInclude Include="Modules\WindowModule.h">
      <Filter>Modules</Filter>
    </ClInclude>
    <ClInclude Include="Utils\Globals.h">
      <Filter>Utils</Filter>
    </ClInclude>
    <ClInclude Include="Utils\UPCTimer.h">
      <Filter>Utils</Filter>
    </ClInclude>
    <ClInclude Include="Modules\InputModule.h">
      <Filter>Modules</Filter>
    </ClInclude>
    <ClInclude Include="Modules\ShaderModule.h">
      <Filter>Modules</Filter>
    </ClInclude>
    <ClInclude Include="UI\EditorUIModule.h">
      <Filter>Modules</Filter>
    </ClInclude>
    <ClInclude Include="Modules\OpenGLModule.h">
      <Filter>Modules</Filter>
    </ClInclude>
    <ClInclude Include="Libs\ImGui\imconfig.h">
      <Filter>ImGui</Filter>
    </ClInclude>
    <ClInclude Include="Libs\ImGui\imgui.h">
      <Filter>ImGui</Filter>
    </ClInclude>
    <ClInclude Include="Libs\ImGui\imgui_impl_opengl3.h">
      <Filter>ImGui</Filter>
    </ClInclude>
    <ClInclude Include="Libs\ImGui\imgui_impl_opengl3_loader.h">
      <Filter>ImGui</Filter>
    </ClInclude>
    <ClInclude Include="Libs\ImGui\imgui_impl_sdl2.h">
      <Filter>ImGui</Filter>
    </ClInclude>
    <ClInclude Include="Libs\ImGui\imgui_internal.h">
      <Filter>ImGui</Filter>
    </ClInclude>
    <ClInclude Include="Libs\ImGui\imstb_rectpack.h">
      <Filter>ImGui</Filter>
    </ClInclude>
    <ClInclude Include="Libs\ImGui\imstb_textedit.h">
      <Filter>ImGui</Filter>
    </ClInclude>
    <ClInclude Include="Libs\ImGui\imstb_truetype.h">
      <Filter>ImGui</Filter>
    </ClInclude>
    <ClInclude Include="Application.h" />
    <ClInclude Include="DebugDraw\debugdraw.h">
      <Filter>Debug</Filter>
    </ClInclude>
    <ClInclude Include="DebugDraw\debug_draw.hpp">
      <Filter>Debug</Filter>
    </ClInclude>
    <ClInclude Include="Modules\DebugDrawModule.h">
      <Filter>Debug</Filter>
    </ClInclude>
    <ClInclude Include="Tests\RenderTestModule.h">
      <Filter>Tests</Filter>
    </ClInclude>
    <ClInclude Include="Tests\TextureModuleTest.h">
      <Filter>Tests</Filter>
    </ClInclude>
    <ClInclude Include="Tests\CameraModule.h">
      <Filter>Tests</Filter>
    </ClInclude>
    <ClInclude Include="Tests\EngineMesh.h">
      <Filter>Tests</Filter>
    </ClInclude>
    <ClInclude Include="Tests\EngineModel.h">
      <Filter>Tests</Filter>
    </ClInclude>
    <ClInclude Include="Utils\Framebuffer.h">
      <Filter>Utils</Filter>
    </ClInclude>
    <ClInclude Include="UI\EditorViewport.h">
      <Filter>UI</Filter>
    </ClInclude>
    <ClInclude Include="Scene\Components\Component.h" />
    <ClInclude Include="MeshImporter.h">
      <Filter>Utils</Filter>
    </ClInclude>
    <ClInclude Include="SceneImporter.h">
      <Filter>Utils</Filter>
    </ClInclude>
    <ClInclude Include="TextureImporter.h">
      <Filter>Utils</Filter>
    </ClInclude>
    <ClInclude Include="FileSystem.h">
      <Filter>Utils</Filter>
    </ClInclude>
  </ItemGroup>
  <ItemGroup>
    <None Include="Libs\MathGeoLib\include\Geometry\TriangleMesh_IntersectRay_CPP.inl">
      <Filter>MathGeoLib</Filter>
    </None>
    <None Include=".clang-format" />
  </ItemGroup>
</Project>