<?xml version="1.0" encoding="utf-8"?>
<Project ToolsVersion="4.0" xmlns="http://schemas.microsoft.com/developer/msbuild/2003">
  <ItemGroup>
    <ClCompile Include="Modules\WindowModule.cpp">
      <Filter>Modules</Filter>
    </ClCompile>
    <ClCompile Include="Utils\log.cpp">
      <Filter>Utils</Filter>
    </ClCompile>
    <ClCompile Include="Utils\GameTimer.cpp">
      <Filter>Utils</Filter>
    </ClCompile>
    <ClCompile Include="Modules\InputModule.cpp">
      <Filter>Modules</Filter>
    </ClCompile>
    <ClCompile Include="Modules\ShaderModule.cpp">
      <Filter>Modules</Filter>
    </ClCompile>
    <ClCompile Include="Modules\OpenGLModule.cpp">
      <Filter>Modules</Filter>
    </ClCompile>
    <ClCompile Include="Libs\ImGui\imgui.cpp">
      <Filter>External\ImGui</Filter>
    </ClCompile>
    <ClCompile Include="Libs\ImGui\imgui_demo.cpp">
      <Filter>External\ImGui</Filter>
    </ClCompile>
    <ClCompile Include="Libs\ImGui\imgui_draw.cpp">
      <Filter>External\ImGui</Filter>
    </ClCompile>
    <ClCompile Include="Libs\ImGui\imgui_impl_opengl3.cpp">
      <Filter>External\ImGui</Filter>
    </ClCompile>
    <ClCompile Include="Libs\ImGui\imgui_impl_sdl2.cpp">
      <Filter>External\ImGui</Filter>
    </ClCompile>
    <ClCompile Include="Libs\ImGui\imgui_tables.cpp">
      <Filter>External\ImGui</Filter>
    </ClCompile>
    <ClCompile Include="Libs\ImGui\imgui_widgets.cpp">
      <Filter>External\ImGui</Filter>
    </ClCompile>
    <ClCompile Include="Libs\MathGeoLib\include\Geometry\AABB.cpp">
      <Filter>External\MathGeoLib</Filter>
    </ClCompile>
    <ClCompile Include="Libs\MathGeoLib\include\Math\BitOps.cpp">
      <Filter>External\MathGeoLib</Filter>
    </ClCompile>
    <ClCompile Include="Libs\MathGeoLib\include\Geometry\Capsule.cpp">
      <Filter>External\MathGeoLib</Filter>
    </ClCompile>
    <ClCompile Include="Libs\MathGeoLib\include\Geometry\Circle.cpp">
      <Filter>External\MathGeoLib</Filter>
    </ClCompile>
    <ClCompile Include="Libs\MathGeoLib\include\Time\Clock.cpp">
      <Filter>External\MathGeoLib</Filter>
    </ClCompile>
    <ClCompile Include="Libs\MathGeoLib\include\Geometry\Cone.cpp">
      <Filter>External\MathGeoLib</Filter>
    </ClCompile>
    <ClCompile Include="Libs\MathGeoLib\include\Geometry\Cylinder.cpp">
      <Filter>External\MathGeoLib</Filter>
    </ClCompile>
    <ClCompile Include="Libs\MathGeoLib\include\Math\float2.cpp">
      <Filter>External\MathGeoLib</Filter>
    </ClCompile>
    <ClCompile Include="Libs\MathGeoLib\include\Math\float3.cpp">
      <Filter>External\MathGeoLib</Filter>
    </ClCompile>
    <ClCompile Include="Libs\MathGeoLib\include\Math\float3x3.cpp">
      <Filter>External\MathGeoLib</Filter>
    </ClCompile>
    <ClCompile Include="Libs\MathGeoLib\include\Math\float3x4.cpp">
      <Filter>External\MathGeoLib</Filter>
    </ClCompile>
    <ClCompile Include="Libs\MathGeoLib\include\Math\float4.cpp">
      <Filter>External\MathGeoLib</Filter>
    </ClCompile>
    <ClCompile Include="Libs\MathGeoLib\include\Math\float4x4.cpp">
      <Filter>External\MathGeoLib</Filter>
    </ClCompile>
    <ClCompile Include="Libs\MathGeoLib\include\Geometry\Frustum.cpp">
      <Filter>External\MathGeoLib</Filter>
    </ClCompile>
    <ClCompile Include="Libs\MathGeoLib\include\Algorithm\Random\LCG.cpp">
      <Filter>External\MathGeoLib</Filter>
    </ClCompile>
    <ClCompile Include="Libs\MathGeoLib\include\Geometry\Line.cpp">
      <Filter>External\MathGeoLib</Filter>
    </ClCompile>
    <ClCompile Include="Libs\MathGeoLib\include\Geometry\LineSegment.cpp">
      <Filter>External\MathGeoLib</Filter>
    </ClCompile>
    <ClCompile Include="Libs\MathGeoLib\include\Math\MathFunc.cpp">
      <Filter>External\MathGeoLib</Filter>
    </ClCompile>
    <ClCompile Include="Libs\MathGeoLib\include\Math\MathLog.cpp">
      <Filter>External\MathGeoLib</Filter>
    </ClCompile>
    <ClCompile Include="Libs\MathGeoLib\include\Math\MathOps.cpp">
      <Filter>External\MathGeoLib</Filter>
    </ClCompile>
    <ClCompile Include="Libs\MathGeoLib\include\Geometry\OBB.cpp">
      <Filter>External\MathGeoLib</Filter>
    </ClCompile>
    <ClCompile Include="Libs\MathGeoLib\include\Geometry\Plane.cpp">
      <Filter>External\MathGeoLib</Filter>
    </ClCompile>
    <ClCompile Include="Libs\MathGeoLib\include\Geometry\Polygon.cpp">
      <Filter>External\MathGeoLib</Filter>
    </ClCompile>
    <ClCompile Include="Libs\MathGeoLib\include\Geometry\Polyhedron.cpp">
      <Filter>External\MathGeoLib</Filter>
    </ClCompile>
    <ClCompile Include="Libs\MathGeoLib\include\Math\Polynomial.cpp">
      <Filter>External\MathGeoLib</Filter>
    </ClCompile>
    <ClCompile Include="Libs\MathGeoLib\include\Math\Quat.cpp">
      <Filter>External\MathGeoLib</Filter>
    </ClCompile>
    <ClCompile Include="Libs\MathGeoLib\include\Geometry\Ray.cpp">
      <Filter>External\MathGeoLib</Filter>
    </ClCompile>
    <ClCompile Include="Libs\MathGeoLib\include\Geometry\Sphere.cpp">
      <Filter>External\MathGeoLib</Filter>
    </ClCompile>
    <ClCompile Include="Libs\MathGeoLib\include\Math\SSEMath.cpp">
      <Filter>External\MathGeoLib</Filter>
    </ClCompile>
    <ClCompile Include="Libs\MathGeoLib\include\Math\TransformOps.cpp">
      <Filter>External\MathGeoLib</Filter>
    </ClCompile>
    <ClCompile Include="Libs\MathGeoLib\include\Geometry\Triangle.cpp">
      <Filter>External\MathGeoLib</Filter>
    </ClCompile>
    <ClCompile Include="Libs\MathGeoLib\include\Geometry\TriangleMesh.cpp">
      <Filter>External\MathGeoLib</Filter>
    </ClCompile>
    <ClCompile Include="Application.cpp" />
    <ClCompile Include="Main.cpp" />
    <ClCompile Include="Utils\Framebuffer.cpp">
      <Filter>Utils</Filter>
    </ClCompile>
    <ClCompile Include="Scene\Components\Component.cpp">
      <Filter>Scene\Components</Filter>
    </ClCompile>
    <ClCompile Include="Scene\GameObjects\GameObject.cpp">
      <Filter>Scene\GameObjects</Filter>
    </ClCompile>
    <ClCompile Include="Modules\SceneModule.cpp">
      <Filter>Modules</Filter>
    </ClCompile>
    <ClCompile Include="FileSystem\FileSystem.cpp">
      <Filter>FileSystem</Filter>
    </ClCompile>
    <ClCompile Include="Modules\LibraryModule.cpp">
      <Filter>Modules</Filter>
    </ClCompile>
    <ClCompile Include="Scene\Components\ComponentUtils.cpp">
      <Filter>Scene\Components</Filter>
    </ClCompile>
    <ClCompile Include="Scene\Components\Standalone\MeshComponent.cpp">
      <Filter>Scene\Components</Filter>
    </ClCompile>
    <ClCompile Include="ResourceManagement\Resources\ResourceMaterial.cpp">
      <Filter>Resources</Filter>
    </ClCompile>
    <ClCompile Include="ResourceManagement\Resources\ResourceMesh.cpp">
      <Filter>Resources</Filter>
    </ClCompile>
    <ClCompile Include="ResourceManagement\Resources\ResourceTexture.cpp">
      <Filter>Resources</Filter>
    </ClCompile>
    <ClCompile Include="ResourceManagement\Resources\Resource.cpp">
      <Filter>Resources</Filter>
    </ClCompile>
    <ClCompile Include="Scene\Scene.cpp">
      <Filter>Scene</Filter>
    </ClCompile>
    <ClCompile Include="Utils\LightsConfig.cpp">
      <Filter>Utils</Filter>
    </ClCompile>
    <ClCompile Include="Scene\Components\ComponentUtils.cpp">
      <Filter>Scene\Components</Filter>
    </ClCompile>
    <ClCompile Include="Utils\FrustumPlanes.cpp">
      <Filter>Utils</Filter>
    </ClCompile>
    <ClCompile Include="Modules\ResourcesModule.cpp">
      <Filter>Modules</Filter>
    </ClCompile>
    <ClCompile Include="Utils\EngineTimer.cpp">
      <Filter>Utils</Filter>
    </ClCompile>
    <ClCompile Include="ResourceManagement\Resources\ResourceModel.cpp">
      <Filter>Resources</Filter>
    </ClCompile>
    <ClCompile Include="Modules\DebugDrawModule.cpp">
      <Filter>Modules</Filter>
    </ClCompile>
    <ClCompile Include="Modules\CameraModule.cpp">
      <Filter>Modules</Filter>
    </ClCompile>
    <ClCompile Include="Modules\EditorUIModule.cpp">
      <Filter>Modules</Filter>
    </ClCompile>
    <ClCompile Include="ResourceManagement\Resources\ResourcePrefab.cpp">
      <Filter>Resources</Filter>
    </ClCompile>
    <ClCompile Include="Libs\RecastDetour\Detour\Source\DetourNavMesh.cpp">
      <Filter>External\Detour</Filter>
    </ClCompile>
    <ClCompile Include="Libs\RecastDetour\Detour\Source\DetourNavMeshBuilder.cpp">
      <Filter>External\Detour</Filter>
    </ClCompile>
    <ClCompile Include="Libs\RecastDetour\Detour\Source\DetourNavMeshQuery.cpp">
      <Filter>External\Detour</Filter>
    </ClCompile>
    <ClCompile Include="Libs\RecastDetour\Detour\Source\DetourNode.cpp">
      <Filter>External\Detour</Filter>
    </ClCompile>
    <ClCompile Include="Libs\RecastDetour\Detour\Source\DetourAlloc.cpp">
      <Filter>External\Detour</Filter>
    </ClCompile>
    <ClCompile Include="Libs\RecastDetour\Detour\Source\DetourAssert.cpp">
      <Filter>External\Detour</Filter>
    </ClCompile>
    <ClCompile Include="Libs\RecastDetour\Detour\Source\DetourCommon.cpp">
      <Filter>External\Detour</Filter>
    </ClCompile>
    <ClCompile Include="Libs\RecastDetour\Recast\Source\RecastArea.cpp">
      <Filter>External\Recast</Filter>
    </ClCompile>
    <ClCompile Include="Libs\RecastDetour\Recast\Source\RecastAssert.cpp">
      <Filter>External\Recast</Filter>
    </ClCompile>
    <ClCompile Include="Libs\RecastDetour\Recast\Source\RecastContour.cpp">
      <Filter>External\Recast</Filter>
    </ClCompile>
    <ClCompile Include="Libs\RecastDetour\Recast\Source\RecastFilter.cpp">
      <Filter>External\Recast</Filter>
    </ClCompile>
    <ClCompile Include="Libs\RecastDetour\Recast\Source\RecastLayers.cpp">
      <Filter>External\Recast</Filter>
    </ClCompile>
    <ClCompile Include="Libs\RecastDetour\Recast\Source\RecastMesh.cpp">
      <Filter>External\Recast</Filter>
    </ClCompile>
    <ClCompile Include="Libs\RecastDetour\Recast\Source\RecastMeshDetail.cpp">
      <Filter>External\Recast</Filter>
    </ClCompile>
    <ClCompile Include="Libs\RecastDetour\Recast\Source\RecastRasterization.cpp">
      <Filter>External\Recast</Filter>
    </ClCompile>
    <ClCompile Include="Libs\RecastDetour\Recast\Source\RecastRegion.cpp">
      <Filter>External\Recast</Filter>
    </ClCompile>
    <ClCompile Include="Libs\RecastDetour\Recast\Source\Recast.cpp">
      <Filter>External\Recast</Filter>
    </ClCompile>
    <ClCompile Include="Libs\RecastDetour\Recast\Source\RecastAlloc.cpp">
      <Filter>External\Recast</Filter>
    </ClCompile>
    <ClCompile Include="UI\EngineEditors\EngineEditorBase.cpp">
      <Filter>UI\EngineEditors</Filter>
    </ClCompile>
    <ClCompile Include="Libs\ImGuizmo\ImGuizmo.cpp">
      <Filter>External\ImGuizmo</Filter>
    </ClCompile>
    <ClCompile Include="FileSystem\Meta\MetaFile.cpp">
      <Filter>FileSystem\Meta</Filter>
    </ClCompile>
    <ClCompile Include="FileSystem\Meta\MetaMaterial.cpp">
      <Filter>FileSystem\Meta</Filter>
    </ClCompile>
    <ClCompile Include="FileSystem\Meta\MetaMesh.cpp">
      <Filter>FileSystem\Meta</Filter>
    </ClCompile>
    <ClCompile Include="FileSystem\Meta\MetaTexture.cpp">
      <Filter>FileSystem\Meta</Filter>
    </ClCompile>
    <ClCompile Include="FileSystem\Meta\MetaPrefab.cpp">
      <Filter>FileSystem\Meta</Filter>
    </ClCompile>
    <ClCompile Include="Scene\Components\Standalone\CharacterControllerComponent.cpp">
      <Filter>Scene\Components</Filter>
    </ClCompile>
    <ClCompile Include="FileSystem\Meta\MetaModel.cpp">
      <Filter>FileSystem\Meta</Filter>
    </ClCompile>
    <ClCompile Include="Scene\Components\CameraComponent.cpp">
      <Filter>Scene\Components</Filter>
    </ClCompile>
    <ClCompile Include="FileSystem\PrefabManager.cpp">
      <Filter>FileSystem</Filter>
    </ClCompile>
    <ClCompile Include="Utils\Trees\Octree.cpp">
      <Filter>Utils\Tree</Filter>
    </ClCompile>
    <ClCompile Include="Utils\Trees\Quadtree.cpp">
      <Filter>Utils\Tree</Filter>
    </ClCompile>
    <ClCompile Include="Libs\ImGuizmo\ImGuizmo.cpp">
      <Filter>External\ImGuizmo</Filter>
    </ClCompile>
    <ClCompile Include="Libs\ImNodeFlow-1.2.2\src\ImNodeFlow.cpp">
      <Filter>External\ImNodeFlow</Filter>
    </ClCompile>
    <ClCompile Include="UI\EngineEditors\Editor\NodeEditor.cpp">
      <Filter>UI\EngineEditors</Filter>
    </ClCompile>
    <ClCompile Include="UI\EngineEditors\Nodes\CustomNode.cpp">
      <Filter>UI</Filter>
    </ClCompile>
    <ClCompile Include="Utils\RaycastController.cpp">
      <Filter>Utils</Filter>
    </ClCompile>
    <ClCompile Include="Modules\ProjectModule.cpp">
      <Filter>Modules</Filter>
    </ClCompile>
    <ClCompile Include="FileSystem\Config\EngineConfig.cpp">
      <Filter>FileSystem\Config</Filter>
    </ClCompile>
    <ClCompile Include="FileSystem\Config\ProjectConfig.cpp">
      <Filter>FileSystem\Config</Filter>
    </ClCompile>
    <ClCompile Include="UI\EngineEditors\Editor\TextureEditor.cpp">
      <Filter>UI\EngineEditors</Filter>
    </ClCompile>
    <ClCompile Include="FileSystem\Importers\Importer.cpp">
      <Filter>FileSystem\Importers</Filter>
    </ClCompile>
    <ClCompile Include="FileSystem\Importers\MaterialImporter.cpp">
      <Filter>FileSystem\Importers</Filter>
    </ClCompile>
    <ClCompile Include="FileSystem\Importers\MeshImporter.cpp">
      <Filter>FileSystem\Importers</Filter>
    </ClCompile>
    <ClCompile Include="FileSystem\Importers\ModelImporter.cpp">
      <Filter>FileSystem\Importers</Filter>
    </ClCompile>
    <ClCompile Include="FileSystem\Importers\SceneImporter.cpp">
      <Filter>FileSystem\Importers</Filter>
    </ClCompile>
    <ClCompile Include="FileSystem\Importers\TextureImporter.cpp">
      <Filter>FileSystem\Importers</Filter>
    </ClCompile>
    <ClCompile Include="ResourceManagement\Resources\ResourceStateMachine.cpp">
      <Filter>Resources</Filter>
    </ClCompile>
    <ClCompile Include="FileSystem\StateMachineManager.cpp">
      <Filter>FileSystem</Filter>
    </ClCompile>
    <ClCompile Include="FileSystem\Importers\AnimationImporter.cpp">
      <Filter>FileSystem\Importers</Filter>
    </ClCompile>
    <ClCompile Include="FileSystem\Meta\MetaAnimation.cpp">
      <Filter>FileSystem\Meta</Filter>
    </ClCompile>
    <ClCompile Include="Scene\Components\Standalone\AnimationComponent.cpp">
      <Filter>Scene\Components</Filter>
    </ClCompile>
    <ClCompile Include="Scene\Components\Standalone\AnimController.cpp">
      <Filter>Scene\Components</Filter>
    </ClCompile>
    <ClCompile Include="ResourceManagement\Resources\ResourceAnimation.cpp">
      <Filter>Resources</Filter>
    </ClCompile>
    <ClCompile Include="Scene\Components\Standalone\UI\CanvasComponent.cpp">
      <Filter>Scene\Components</Filter>
    </ClCompile>
    <ClCompile Include="Scene\Components\Standalone\UI\UILabelComponent.cpp">
      <Filter>Scene\Components</Filter>
    </ClCompile>
    <ClCompile Include="Scene\Components\Standalone\UI\Transform2DComponent.cpp">
      <Filter>Scene\Components</Filter>
    </ClCompile>
    <ClCompile Include="Utils\TextManager.cpp">
      <Filter>Utils</Filter>
    </ClCompile>
    <ClCompile Include="Modules\GameUIModule.cpp">
      <Filter>Modules</Filter>
    </ClCompile>
    <ClCompile Include="ResourceManagement\Resources\ResourceFont.cpp">
      <Filter>Resources</Filter>
    </ClCompile>
    <ClCompile Include="FileSystem\Importers\FontImporter.cpp">
      <Filter>FileSystem\Importers</Filter>
    </ClCompile>
    <ClCompile Include="Modules\ScriptModule.cpp">
      <Filter>Modules</Filter>
    </ClCompile>
    <ClCompile Include="Scene\Components\ScriptComponent.cpp">
      <Filter>Scene\Components</Filter>
    </ClCompile>
    <ClCompile Include="FileSystem\Batching\BatchManager.cpp">
      <Filter>FileSystem\Batching</Filter>
    </ClCompile>
    <ClCompile Include="FileSystem\Batching\GeometryBatch.cpp">
      <Filter>FileSystem\Batching</Filter>
    </ClCompile>
    <ClCompile Include="Modules\PhysicsModule.cpp">
      <Filter>Modules</Filter>
    </ClCompile>
    <ClCompile Include="DebugDraw\BulletDebugDraw.cpp">
      <Filter>External\Debug</Filter>
    </ClCompile>
    <ClCompile Include="Scene\Components\Standalone\Physics\CubeColliderComponent.cpp">
      <Filter>Scene\Components\Physics</Filter>
    </ClCompile>
    <ClCompile Include="Utils\Physics\BulletMotionState.cpp">
      <Filter>Utils\Physics</Filter>
    </ClCompile>
    <ClCompile Include="Scene\Components\Standalone\Physics\SphereColliderComponent.cpp">
      <Filter>Scene\Components\Physics</Filter>
    </ClCompile>
    <ClCompile Include="Scene\Components\Standalone\Physics\CapsuleColliderComponent.cpp">
      <Filter>Scene\Components\Physics</Filter>
    </ClCompile>
    <ClCompile Include="UI\EngineEditors\Editor\StateMachineEditor.cpp">
      <Filter>UI\EngineEditors</Filter>
    </ClCompile>
    <ClCompile Include="UI\EngineEditors\Nodes\StateNode.cpp">
      <Filter>UI\EngineEditors</Filter>
    </ClCompile>
    <ClCompile Include="FileSystem\Meta\MetaStateMachine.cpp">
      <Filter>FileSystem\Meta</Filter>
    </ClCompile>
    <ClCompile Include="ResourceManagement\Resources\ResourceNavMesh.cpp">
      <Filter>Resources</Filter>
    </ClCompile>
    <ClCompile Include="FileSystem\Importers\NavmeshImporter.cpp">
      <Filter>FileSystem\Importers</Filter>
    </ClCompile>
    <ClCompile Include="Libs\RecastDetour\DetourCrowd\Source\DetourCrowd.cpp">
      <Filter>External\DetourCrowd</Filter>
    </ClCompile>
    <ClCompile Include="Libs\RecastDetour\DetourCrowd\Source\DetourLocalBoundary.cpp">
      <Filter>External\DetourCrowd</Filter>
    </ClCompile>
    <ClCompile Include="Libs\RecastDetour\DetourCrowd\Source\DetourObstacleAvoidance.cpp">
      <Filter>External\DetourCrowd</Filter>
    </ClCompile>
    <ClCompile Include="Libs\RecastDetour\DetourCrowd\Source\DetourPathCorridor.cpp">
      <Filter>External\DetourCrowd</Filter>
    </ClCompile>
    <ClCompile Include="Libs\RecastDetour\DetourCrowd\Source\DetourPathQueue.cpp">
      <Filter>External\DetourCrowd</Filter>
    </ClCompile>
    <ClCompile Include="Libs\RecastDetour\DetourCrowd\Source\DetourProximityGrid.cpp">
      <Filter>External\DetourCrowd</Filter>
    </ClCompile>
    <ClCompile Include="Modules\PathfinderModule.cpp">
      <Filter>Modules</Filter>
    </ClCompile>
    <ClCompile Include="FileSystem\Meta\MetaFont.cpp">
      <Filter>FileSystem\Meta</Filter>
    </ClCompile>
    <ClCompile Include="Scene\Components\Standalone\UI\Transform2DComponent.cpp">
      <Filter>Scene\Components\UI</Filter>
    </ClCompile>
    <ClCompile Include="Scene\Components\Standalone\UI\UILabelComponent.cpp">
      <Filter>Scene\Components\UI</Filter>
    </ClCompile>
    <ClCompile Include="Scene\Components\Standalone\UI\ImageComponent.cpp">
      <Filter>Scene\Components\UI</Filter>
    </ClCompile>
    <ClCompile Include="Scene\Components\Standalone\UI\CanvasComponent.cpp">
      <Filter>Scene\Components\UI</Filter>
    </ClCompile>
    <ClCompile Include="Scene\Components\Standalone\Lights\SpotLightComponent.cpp">
      <Filter>Scene\Components\Lights</Filter>
    </ClCompile>
    <ClCompile Include="Scene\Components\Standalone\Lights\PointLightComponent.cpp">
      <Filter>Scene\Components\Lights</Filter>
    </ClCompile>
    <ClCompile Include="Scene\Components\Standalone\LightComponent.cpp">
      <Filter>Scene\Components\Lights</Filter>
    </ClCompile>
    <ClCompile Include="Scene\Components\Standalone\Lights\DirectionalLightComponent.cpp">
      <Filter>Scene\Components\Lights</Filter>
    </ClCompile>
    <ClCompile Include="Scene\Components\Standalone\UI\ButtonComponent.cpp">
      <Filter>Scene\Components\UI</Filter>
    </ClCompile>
    <ClCompile Include="Modules\AudioModule.cpp">
      <Filter>Modules</Filter>
    </ClCompile>
    <ClCompile Include="Libs\Wwise\samples\SoundEngine\Common\AkDefaultLowLevelIODispatcher.cpp">
      <Filter>External\Wwise</Filter>
    </ClCompile>
    <ClCompile Include="Libs\Wwise\samples\SoundEngine\Common\AkFileLocationBase.cpp">
      <Filter>External\Wwise</Filter>
    </ClCompile>
    <ClCompile Include="Libs\Wwise\samples\SoundEngine\Common\AkFilePackage.cpp">
      <Filter>External\Wwise</Filter>
    </ClCompile>
    <ClCompile Include="Libs\Wwise\samples\SoundEngine\Common\AkFilePackageLUT.cpp">
      <Filter>External\Wwise</Filter>
    </ClCompile>
    <ClCompile Include="Libs\Wwise\samples\SoundEngine\Common\AkGeneratedSoundBanksResolver.cpp">
      <Filter>External\Wwise</Filter>
    </ClCompile>
    <ClCompile Include="Libs\Wwise\samples\SoundEngine\Common\AkJobWorkerMgr.cpp">
      <Filter>External\Wwise</Filter>
    </ClCompile>
    <ClCompile Include="Libs\Wwise\samples\SoundEngine\Common\AkMultipleFileLocation.cpp">
      <Filter>External\Wwise</Filter>
    </ClCompile>
    <ClCompile Include="Libs\Wwise\samples\SoundEngine\Common\AkPlatformProfilerHookStubs.cpp">
      <Filter>External\Wwise</Filter>
    </ClCompile>
    <ClCompile Include="Libs\Wwise\samples\SoundEngine\IO\AkDefaultIOHookDeferred.cpp">
      <Filter>External\Wwise</Filter>
    </ClCompile>
    <ClCompile Include="Libs\Wwise\samples\SoundEngine\IO\stdafx.cpp">
      <Filter>External\Wwise</Filter>
    </ClCompile>
    <ClCompile Include="Scene\Components\Standalone\Audio\AudioSourceComponent.cpp">
      <Filter>Scene\Components\Audio</Filter>
    </ClCompile>
    <ClCompile Include="Scene\Components\Standalone\Audio\AudioListenerComponent.cpp">
      <Filter>Scene\Components\Audio</Filter>
    </ClCompile>
    <ClCompile Include="Scene\Components\Standalone\AIAgentComponent.cpp">
      <Filter>Scene\Components</Filter>
    </ClCompile>
    <ClCompile Include="Utils\GBuffer.cpp">
      <Filter>Utils</Filter>
    </ClCompile>
    <ClCompile Include="FileSystem\Meta\MetaNavmesh.cpp">
      <Filter>FileSystem\Meta</Filter>
    </ClCompile>
    <ClCompile Include="Utils\NavMeshConfig.cpp">
      <Filter>Utils</Filter>
    </ClCompile>
    <ClCompile Include="Modules\GameDebugUIModule.cpp">
      <Filter>Modules</Filter>
    </ClCompile>
  </ItemGroup>
  <ItemGroup>
    <Filter Include="Modules">
      <UniqueIdentifier>{ceb8fbba-58d4-4d3b-927a-a6f72e75e9d5}</UniqueIdentifier>
    </Filter>
    <Filter Include="Utils">
      <UniqueIdentifier>{2cd12f8e-4d83-4137-a3bb-33b6ec3804a8}</UniqueIdentifier>
    </Filter>
    <Filter Include="Scene">
      <UniqueIdentifier>{17967f25-7595-4f99-b9c6-c6a1934b81a7}</UniqueIdentifier>
    </Filter>
    <Filter Include="Scene\Components">
      <UniqueIdentifier>{0ddc598f-b276-4bbc-939f-c700f4c15d81}</UniqueIdentifier>
    </Filter>
    <Filter Include="Scene\GameObjects">
      <UniqueIdentifier>{ba55c87b-9ef3-442f-a67f-7017601a591f}</UniqueIdentifier>
    </Filter>
    <Filter Include="FileSystem">
      <UniqueIdentifier>{71717f5e-3c10-4a82-a6fa-814368871f96}</UniqueIdentifier>
    </Filter>
    <Filter Include="Resources">
      <UniqueIdentifier>{d7c688e0-aa2a-4d05-b818-bca402d54e0f}</UniqueIdentifier>
    </Filter>
    <Filter Include="External">
      <UniqueIdentifier>{e5f96ce0-35af-48d5-aa32-bc195a6551cd}</UniqueIdentifier>
    </Filter>
    <Filter Include="External\ImGui">
      <UniqueIdentifier>{add34c0e-22b7-4156-b4ab-74923f0775f1}</UniqueIdentifier>
    </Filter>
    <Filter Include="External\ImGuizmo">
      <UniqueIdentifier>{557b3855-2c1e-41d1-b6ab-ecab1faac98c}</UniqueIdentifier>
    </Filter>
    <Filter Include="External\Debug">
      <UniqueIdentifier>{b890b5cb-22e9-4094-8b54-814ae6ff1684}</UniqueIdentifier>
    </Filter>
    <Filter Include="External\MathGeoLib">
      <UniqueIdentifier>{77ec05ef-e581-4de2-bda3-50c6c7bcc0d2}</UniqueIdentifier>
    </Filter>
    <Filter Include="UI\EngineEditors">
      <UniqueIdentifier>{86a4c6bd-9fcf-4173-8393-657c59aa19cf}</UniqueIdentifier>
    </Filter>
    <Filter Include="FileSystem\Meta">
      <UniqueIdentifier>{0325771a-d106-4c90-8e61-78de9e68b286}</UniqueIdentifier>
    </Filter>
    <Filter Include="UI">
      <UniqueIdentifier>{9096db94-8011-467c-8549-ccc0382ca11f}</UniqueIdentifier>
    </Filter>
    <Filter Include="External\Detour">
      <UniqueIdentifier>{2caa9ea7-72e8-450d-adad-4b1805c68bb0}</UniqueIdentifier>
    </Filter>
    <Filter Include="External\DetourCrowd">
      <UniqueIdentifier>{a34d0f6a-0b38-4a5e-b1a1-8e985fd2543f}</UniqueIdentifier>
    </Filter>
    <Filter Include="External\Recast">
      <UniqueIdentifier>{da958ebe-ba34-4c0a-9248-41019fc9f888}</UniqueIdentifier>
    </Filter>
    <Filter Include="Utils\Tree">
      <UniqueIdentifier>{61fcf3e0-b467-4423-83c3-ae806c0b6ff3}</UniqueIdentifier>
    </Filter>
    <Filter Include="External\ImNodeFlow">
      <UniqueIdentifier>{fd84e3fc-74ec-4cf3-a7ee-7b8e3e63ad2e}</UniqueIdentifier>
    </Filter>
    <Filter Include="FileSystem\Config">
      <UniqueIdentifier>{621d253f-9e89-43c0-ab1c-8b44994ca80d}</UniqueIdentifier>
    </Filter>
    <Filter Include="FileSystem\Importers">
      <UniqueIdentifier>{16f8a1d8-a659-4cc6-8af0-fff819224bf0}</UniqueIdentifier>
    </Filter>
    <Filter Include="FileSystem\Batching">
      <UniqueIdentifier>{bf8dc33a-6c9e-43fb-bb6c-b5055f64ed3c}</UniqueIdentifier>
    </Filter>
    <Filter Include="Scene\Components\Physics">
      <UniqueIdentifier>{66257dd0-b9f6-4430-8450-125aa647a078}</UniqueIdentifier>
    </Filter>
    <Filter Include="Utils\Physics">
      <UniqueIdentifier>{d73de18e-a52c-4b41-bc53-d6b11a25b7f4}</UniqueIdentifier>
    </Filter>
    <Filter Include="Scene\Components\UI">
      <UniqueIdentifier>{e2d47d2b-6dd7-4684-a3b5-f5b67450d977}</UniqueIdentifier>
    </Filter>
    <Filter Include="Scene\Components\Lights">
      <UniqueIdentifier>{7444def4-4f96-4ca5-b5da-7202b076fdc6}</UniqueIdentifier>
    </Filter>
    <Filter Include="External\Wwise">
      <UniqueIdentifier>{6e4f8d0d-c331-4d88-ace9-d3f3ce3e6c2b}</UniqueIdentifier>
    </Filter>
    <Filter Include="Scene\Components\Audio">
      <UniqueIdentifier>{cebf4c5a-89d4-4d73-af66-dee049d7cbf1}</UniqueIdentifier>
    </Filter>
  </ItemGroup>
  <ItemGroup>
    <ClInclude Include="Modules\Module.h">
      <Filter>Modules</Filter>
    </ClInclude>
    <ClInclude Include="Modules\WindowModule.h">
      <Filter>Modules</Filter>
    </ClInclude>
    <ClInclude Include="Utils\Globals.h">
      <Filter>Utils</Filter>
    </ClInclude>
    <ClInclude Include="Utils\GameTimer.h">
      <Filter>Utils</Filter>
    </ClInclude>
    <ClInclude Include="Modules\InputModule.h">
      <Filter>Modules</Filter>
    </ClInclude>
    <ClInclude Include="Modules\ShaderModule.h">
      <Filter>Modules</Filter>
    </ClInclude>
    <ClInclude Include="Modules\OpenGLModule.h">
      <Filter>Modules</Filter>
    </ClInclude>
    <ClInclude Include="Libs\ImGui\imconfig.h">
      <Filter>External\ImGui</Filter>
    </ClInclude>
    <ClInclude Include="Libs\ImGui\imgui.h">
      <Filter>External\ImGui</Filter>
    </ClInclude>
    <ClInclude Include="Libs\ImGui\imgui_impl_opengl3.h">
      <Filter>External\ImGui</Filter>
    </ClInclude>
    <ClInclude Include="Libs\ImGui\imgui_impl_opengl3_loader.h">
      <Filter>External\ImGui</Filter>
    </ClInclude>
    <ClInclude Include="Libs\ImGui\imgui_impl_sdl2.h">
      <Filter>External\ImGui</Filter>
    </ClInclude>
    <ClInclude Include="Libs\ImGui\imgui_internal.h">
      <Filter>External\ImGui</Filter>
    </ClInclude>
    <ClInclude Include="Libs\ImGui\imstb_rectpack.h">
      <Filter>External\ImGui</Filter>
    </ClInclude>
    <ClInclude Include="Libs\ImGui\imstb_textedit.h">
      <Filter>External\ImGui</Filter>
    </ClInclude>
    <ClInclude Include="Libs\ImGui\imstb_truetype.h">
      <Filter>External\ImGui</Filter>
    </ClInclude>
    <ClInclude Include="Application.h" />
    <ClInclude Include="DebugDraw\debugdraw.h">
      <Filter>External\Debug</Filter>
    </ClInclude>
    <ClInclude Include="DebugDraw\debug_draw.hpp">
      <Filter>External\Debug</Filter>
    </ClInclude>
    <ClInclude Include="Utils\Framebuffer.h">
      <Filter>Utils</Filter>
    </ClInclude>
    <ClInclude Include="FileSystem\FileSystem.h">
      <Filter>FileSystem</Filter>
    </ClInclude>
    <ClInclude Include="FileSystem\Material.h">
      <Filter>FileSystem</Filter>
    </ClInclude>
    <ClInclude Include="FileSystem\Mesh.h">
      <Filter>FileSystem</Filter>
    </ClInclude>
    <ClInclude Include="Modules\LibraryModule.h">
      <Filter>Modules</Filter>
    </ClInclude>
    <ClInclude Include="Scene\Components\Component.h">
      <Filter>Scene\Components</Filter>
    </ClInclude>
    <ClInclude Include="Scene\GameObjects\GameObject.h">
      <Filter>Scene\GameObjects</Filter>
    </ClInclude>
    <ClInclude Include="Modules\SceneModule.h">
      <Filter>Modules</Filter>
    </ClInclude>
    <ClInclude Include="Scene\Components\Standalone\MeshComponent.h">
      <Filter>Scene\Components</Filter>
    </ClInclude>
    <ClInclude Include="Scene\Components\ComponentUtils.h">
      <Filter>Scene\Components</Filter>
    </ClInclude>
    <ClInclude Include="ResourceManagement\Resources\ResourceMaterial.h">
      <Filter>Resources</Filter>
    </ClInclude>
    <ClInclude Include="ResourceManagement\Resources\ResourceMesh.h">
      <Filter>Resources</Filter>
    </ClInclude>
    <ClInclude Include="ResourceManagement\Resources\ResourceTexture.h">
      <Filter>Resources</Filter>
    </ClInclude>
    <ClInclude Include="Libs\ImGuizmo\ImGuizmo.h">
      <Filter>External\ImGuizmo</Filter>
    </ClInclude>
    <ClInclude Include="ResourceManagement\Resources\Resource.h">
      <Filter>Resources</Filter>
    </ClInclude>
    <ClInclude Include="Scene\Scene.h">
      <Filter>Scene</Filter>
    </ClInclude>
    <ClInclude Include="Scene\Components\Component.h">
      <Filter>Scene\Components</Filter>
    </ClInclude>
    <ClInclude Include="Utils\LightsConfig.h">
      <Filter>Utils</Filter>
    </ClInclude>
    <ClInclude Include="Utils\FrustumPlanes.h">
      <Filter>Utils</Filter>
    </ClInclude>
    <ClInclude Include="Modules\ResourcesModule.h">
      <Filter>Modules</Filter>
    </ClInclude>
    <ClInclude Include="Utils\EngineTimer.h">
      <Filter>Utils</Filter>
    </ClInclude>
    <ClInclude Include="ResourceManagement\Resources\ResourceModel.h">
      <Filter>Resources</Filter>
    </ClInclude>
    <ClInclude Include="FileSystem\Model.h">
      <Filter>FileSystem</Filter>
    </ClInclude>
    <ClInclude Include="Modules\DebugDrawModule.h">
      <Filter>Modules</Filter>
    </ClInclude>
    <ClInclude Include="Modules\CameraModule.h">
      <Filter>Modules</Filter>
    </ClInclude>
    <ClInclude Include="Modules\EditorUIModule.h">
      <Filter>Modules</Filter>
    </ClInclude>
    <ClInclude Include="ResourceManagement\Resources\ResourcePrefab.h">
      <Filter>Resources</Filter>
    </ClInclude>
    <ClInclude Include="FileSystem\PrefabManager.h">
      <Filter>FileSystem</Filter>
    </ClInclude>
    <ClInclude Include="FileSystem\Meta\MetaFile.h">
      <Filter>FileSystem\Meta</Filter>
    </ClInclude>
    <ClInclude Include="FileSystem\Meta\MetaMaterial.h">
      <Filter>FileSystem\Meta</Filter>
    </ClInclude>
    <ClInclude Include="FileSystem\Meta\MetaMesh.h">
      <Filter>FileSystem\Meta</Filter>
    </ClInclude>
    <ClInclude Include="FileSystem\Meta\MetaTexture.h">
      <Filter>FileSystem\Meta</Filter>
    </ClInclude>
    <ClInclude Include="Utils\RaycastController.h">
      <Filter>Utils</Filter>
    </ClInclude>
    <ClInclude Include="FileSystem\Meta\MetaModel.h">
      <Filter>FileSystem\Meta</Filter>
    </ClInclude>
    <ClInclude Include="FileSystem\Meta\MetaPrefab.h">
      <Filter>FileSystem\Meta</Filter>
    </ClInclude>
    <ClInclude Include="Scene\Components\Standalone\CharacterControllerComponent.h">
      <Filter>Scene\Components</Filter>
    </ClInclude>
    <ClInclude Include="UI\EngineEditors\EngineEditorBase.h">
      <Filter>UI\EngineEditors</Filter>
    </ClInclude>
    <ClInclude Include="Utils\Interpolation.h">
      <Filter>Utils</Filter>
    </ClInclude>
    <ClInclude Include="Scene\Components\CameraComponent.h">
      <Filter>Scene\Components</Filter>
    </ClInclude>
    <ClInclude Include="Utils\Trees\Quadtree.h">
      <Filter>Utils\Tree</Filter>
    </ClInclude>
    <ClInclude Include="Utils\Trees\Octree.h">
      <Filter>Utils\Tree</Filter>
    </ClInclude>
    <ClInclude Include="Utils\Delegate.h">
      <Filter>Utils</Filter>
    </ClInclude>
    <ClInclude Include="Utils\EventDispatcher.h">
      <Filter>Utils</Filter>
    </ClInclude>
    <ClInclude Include="Libs\ImNodeFlow-1.2.2\include\ImNodeFlow.h">
      <Filter>External\ImNodeFlow</Filter>
    </ClInclude>
    <ClInclude Include="Libs\ImNodeFlow-1.2.2\src\context_wrapper.h">
      <Filter>External\ImNodeFlow</Filter>
    </ClInclude>
    <ClInclude Include="Libs\ImNodeFlow-1.2.2\src\imgui_bezier_math.h">
      <Filter>External\ImNodeFlow</Filter>
    </ClInclude>
    <ClInclude Include="Libs\ImNodeFlow-1.2.2\src\imgui_extra_math.h">
      <Filter>External\ImNodeFlow</Filter>
    </ClInclude>
    <ClInclude Include="UI\EngineEditors\Editor\NodeEditor.h">
      <Filter>UI\EngineEditors</Filter>
    </ClInclude>
    <ClInclude Include="UI\EngineEditors\Nodes\CustomNode.h">
      <Filter>UI</Filter>
    </ClInclude>
    <ClInclude Include="Modules\ProjectModule.h">
      <Filter>Modules</Filter>
    </ClInclude>
    <ClInclude Include="FileSystem\Config\EngineConfig.h">
      <Filter>FileSystem\Config</Filter>
    </ClInclude>
    <ClInclude Include="FileSystem\Config\ConfigFile.h">
      <Filter>FileSystem\Config</Filter>
    </ClInclude>
    <ClInclude Include="ResourceManagement\Resources\ResourceStateMachine.h">
      <Filter>Resources</Filter>
    </ClInclude>
    <ClInclude Include="FileSystem\StateMachineManager.h">
      <Filter>FileSystem</Filter>
    </ClInclude>
    <ClInclude Include="UI\EngineEditors\Editor\TextureEditor.h">
      <Filter>UI\EngineEditors</Filter>
    </ClInclude>
    <ClInclude Include="FileSystem\Importers\Importer.h">
      <Filter>FileSystem\Importers</Filter>
    </ClInclude>
    <ClInclude Include="FileSystem\Importers\MaterialImporter.h">
      <Filter>FileSystem\Importers</Filter>
    </ClInclude>
    <ClInclude Include="FileSystem\Importers\MeshImporter.h">
      <Filter>FileSystem\Importers</Filter>
    </ClInclude>
    <ClInclude Include="FileSystem\Importers\ModelImporter.h">
      <Filter>FileSystem\Importers</Filter>
    </ClInclude>
    <ClInclude Include="FileSystem\Importers\SceneImporter.h">
      <Filter>FileSystem\Importers</Filter>
    </ClInclude>
    <ClInclude Include="FileSystem\Importers\TextureImporter.h">
      <Filter>FileSystem\Importers</Filter>
    </ClInclude>
    <ClInclude Include="FileSystem\Config\ProjectConfig.h">
      <Filter>FileSystem\Config</Filter>
    </ClInclude>
    <ClInclude Include="FileSystem\Importers\AnimationImporter.h">
      <Filter>FileSystem\Importers</Filter>
    </ClInclude>
    <ClInclude Include="FileSystem\Meta\MetaAnimation.h">
      <Filter>FileSystem\Meta</Filter>
    </ClInclude>
    <ClInclude Include="Scene\Components\Standalone\AnimationComponent.h">
      <Filter>Scene\Components</Filter>
    </ClInclude>
    <ClInclude Include="Scene\Components\Standalone\AnimController.h">
      <Filter>Scene\Components</Filter>
    </ClInclude>
    <ClInclude Include="ResourceManagement\Resources\ResourceAnimation.h">
      <Filter>Resources</Filter>
    </ClInclude>
    <ClInclude Include="Utils\TextManager.h">
      <Filter>Utils</Filter>
    </ClInclude>
    <ClInclude Include="Modules\GameUIModule.h">
      <Filter>Modules</Filter>
    </ClInclude>
    <ClInclude Include="ResourceManagement\Resources\ResourceFont.h">
      <Filter>Resources</Filter>
    </ClInclude>
    <ClInclude Include="FileSystem\Importers\FontImporter.h">
      <Filter>FileSystem\Importers</Filter>
    </ClInclude>
    <ClInclude Include="Utils\Script.h">
      <Filter>Utils</Filter>
    </ClInclude>
    <ClInclude Include="Modules\ScriptModule.h">
      <Filter>Modules</Filter>
    </ClInclude>
    <ClInclude Include="Scene\Components\ScriptComponent.h">
      <Filter>Scene\Components</Filter>
    </ClInclude>
    <ClInclude Include="FileSystem\Batching\BatchManager.h">
      <Filter>FileSystem\Batching</Filter>
    </ClInclude>
    <ClInclude Include="FileSystem\Batching\GeometryBatch.h">
      <Filter>FileSystem\Batching</Filter>
    </ClInclude>
    <ClInclude Include="Modules\PhysicsModule.h">
      <Filter>Modules</Filter>
    </ClInclude>
    <ClInclude Include="DebugDraw\BulletDebugDraw.h">
      <Filter>External\Debug</Filter>
    </ClInclude>
    <ClInclude Include="Scene\Components\Standalone\Physics\CubeColliderComponent.h">
      <Filter>Scene\Components\Physics</Filter>
    </ClInclude>
    <ClInclude Include="Utils\Physics\BulletMotionState.h">
      <Filter>Utils\Physics</Filter>
    </ClInclude>
    <ClInclude Include="Utils\Physics\BulletUserPointer.h">
      <Filter>Utils\Physics</Filter>
    </ClInclude>
    <ClInclude Include="Scene\Components\Standalone\Physics\SphereColliderComponent.h">
      <Filter>Scene\Components\Physics</Filter>
    </ClInclude>
    <ClInclude Include="Scene\Components\Standalone\Physics\CapsuleColliderComponent.h">
      <Filter>Scene\Components\Physics</Filter>
    </ClInclude>
    <ClInclude Include="UI\EngineEditors\Editor\StateMachineEditor.h">
      <Filter>UI\EngineEditors</Filter>
    </ClInclude>
    <ClInclude Include="UI\EngineEditors\Nodes\StateNode.h">
      <Filter>UI\EngineEditors</Filter>
    </ClInclude>
    <ClInclude Include="FileSystem\Meta\MetaStateMachine.h">
      <Filter>FileSystem\Meta</Filter>
    </ClInclude>
    <ClInclude Include="ResourceManagement\Resources\ResourceNavMesh.h">
      <Filter>Resources</Filter>
    </ClInclude>
    <ClInclude Include="FileSystem\Importers\NavmeshImporter.h">
      <Filter>FileSystem\Importers</Filter>
    </ClInclude>
    <ClInclude Include="Scene\Components\Standalone\AIAgentComponent.h">
      <Filter>Scene\Components</Filter>
    </ClInclude>
    <ClInclude Include="Modules\PathfinderModule.h">
      <Filter>Modules</Filter>
    </ClInclude>
    <ClInclude Include="FileSystem\Meta\MetaFont.h">
      <Filter>FileSystem\Meta</Filter>
    </ClInclude>
    <ClInclude Include="Scene\Components\Standalone\UI\UILabelComponent.h">
      <Filter>Scene\Components\UI</Filter>
    </ClInclude>
    <ClInclude Include="Scene\Components\Standalone\UI\Transform2DComponent.h">
      <Filter>Scene\Components\UI</Filter>
    </ClInclude>
    <ClInclude Include="Scene\Components\Standalone\UI\ImageComponent.h">
      <Filter>Scene\Components\UI</Filter>
    </ClInclude>
    <ClInclude Include="Scene\Components\Standalone\UI\CanvasComponent.h">
      <Filter>Scene\Components\UI</Filter>
    </ClInclude>
    <ClInclude Include="Scene\Components\Standalone\Lights\SpotLightComponent.h">
      <Filter>Scene\Components\Lights</Filter>
    </ClInclude>
    <ClInclude Include="Scene\Components\Standalone\Lights\PointLightComponent.h">
      <Filter>Scene\Components\Lights</Filter>
    </ClInclude>
    <ClInclude Include="Scene\Components\Standalone\LightComponent.h">
      <Filter>Scene\Components\Lights</Filter>
    </ClInclude>
    <ClInclude Include="Scene\Components\Standalone\Lights\DirectionalLightComponent.h">
      <Filter>Scene\Components\Lights</Filter>
    </ClInclude>
    <ClInclude Include="Scene\Components\Standalone\UI\ButtonComponent.h">
      <Filter>Scene\Components\UI</Filter>
    </ClInclude>
    <ClInclude Include="Modules\AudioModule.h">
      <Filter>Modules</Filter>
    </ClInclude>
    <ClInclude Include="Libs\Wwise\samples\SoundEngine\Common\AkDefaultLowLevelIODispatcher.h">
      <Filter>External\Wwise</Filter>
    </ClInclude>
    <ClInclude Include="Libs\Wwise\samples\SoundEngine\Common\AkFileHelpersBase.h">
      <Filter>External\Wwise</Filter>
    </ClInclude>
    <ClInclude Include="Libs\Wwise\samples\SoundEngine\Common\AkFileLocationBase.h">
      <Filter>External\Wwise</Filter>
    </ClInclude>
    <ClInclude Include="Libs\Wwise\samples\SoundEngine\Common\AkFilePackage.h">
      <Filter>External\Wwise</Filter>
    </ClInclude>
    <ClInclude Include="Libs\Wwise\samples\SoundEngine\Common\AkFilePackageLowLevelIO.h">
      <Filter>External\Wwise</Filter>
    </ClInclude>
    <ClInclude Include="Libs\Wwise\samples\SoundEngine\Common\AkFilePackageLowLevelIODeferred.h">
      <Filter>External\Wwise</Filter>
    </ClInclude>
    <ClInclude Include="Libs\Wwise\samples\SoundEngine\Common\AkFilePackageLUT.h">
      <Filter>External\Wwise</Filter>
    </ClInclude>
    <ClInclude Include="Libs\Wwise\samples\SoundEngine\Common\AkGeneratedSoundBanksResolver.h">
      <Filter>External\Wwise</Filter>
    </ClInclude>
    <ClInclude Include="Libs\Wwise\samples\SoundEngine\Common\AkJobWorkerMgr.h">
      <Filter>External\Wwise</Filter>
    </ClInclude>
    <ClInclude Include="Libs\Wwise\samples\SoundEngine\Common\AkMultipleFileLocation.h">
      <Filter>External\Wwise</Filter>
    </ClInclude>
    <ClInclude Include="Libs\Wwise\samples\SoundEngine\IO\AkDefaultIOHookDeferred.h">
      <Filter>External\Wwise</Filter>
    </ClInclude>
    <ClInclude Include="Libs\Wwise\samples\SoundEngine\IO\AkFileHelpers.h">
      <Filter>External\Wwise</Filter>
    </ClInclude>
    <ClInclude Include="Libs\Wwise\samples\SoundEngine\IO\stdafx.h">
      <Filter>External\Wwise</Filter>
    </ClInclude>
    <ClInclude Include="Scene\Components\Standalone\Audio\AudioSourceComponent.h">
      <Filter>Scene\Components\Audio</Filter>
    </ClInclude>
    <ClInclude Include="Scene\Components\Standalone\Audio\AudioListenerComponent.h">
      <Filter>Scene\Components\Audio</Filter>
    </ClInclude>
    <ClInclude Include="Utils\Wwise_IDs.h">
      <Filter>Utils</Filter>
    </ClInclude>
    <ClInclude Include="Utils\GBuffer.h">
      <Filter>Utils</Filter>
    </ClInclude>
    <ClInclude Include="FileSystem\Meta\MetaNavmesh.h">
      <Filter>FileSystem\Meta</Filter>
    </ClInclude>
    <ClInclude Include="Utils\NavMeshConfig.h">
      <Filter>Utils</Filter>
    </ClInclude>
    <ClInclude Include="Utils\HashString.h">
      <Filter>Utils</Filter>
    </ClInclude>
    <ClInclude Include="Modules\GameDebugUIModule.h">
      <Filter>Modules</Filter>
    </ClInclude>
  </ItemGroup>
  <ItemGroup>
    <None Include="Libs\MathGeoLib\include\Geometry\TriangleMesh_IntersectRay_CPP.inl">
      <Filter>External\MathGeoLib</Filter>
    </None>
    <None Include=".clang-format" />
    <None Include="Libs\ImNodeFlow-1.2.2\src\imgui_bezier_math.inl">
      <Filter>External\ImNodeFlow</Filter>
    </None>
    <None Include="Libs\ImNodeFlow-1.2.2\src\imgui_extra_math.inl">
      <Filter>External\ImNodeFlow</Filter>
    </None>
    <None Include="Libs\ImNodeFlow-1.2.2\src\ImNodeFlow.inl">
      <Filter>External\ImNodeFlow</Filter>
    </None>
    <None Include="Libs\Wwise\samples\SoundEngine\Common\AkFilePackageLowLevelIO.inl">
      <Filter>External\Wwise</Filter>
    </None>
  </ItemGroup>
</Project>